
Microsoft Visual Studio Solution File, Format Version 11.00
# Visual C++ Express 2010
Project("{8BC9CEB8-8B4A-11D0-8D11-00A0C91BC942}") = "FPSO", "FPSO.vcxproj", "{1F2D0991-071E-4F0F-B410-24B985735C58}"
EndProject
Global
	GlobalSection(SolutionConfigurationPlatforms) = preSolution
		Debug|Win32 = Debug|Win32
		Release|Win32 = Release|Win32
	EndGlobalSection
	GlobalSection(ProjectConfigurationPlatforms) = postSolution
		{1F2D0991-071E-4F0F-B410-24B985735C58}.Debug|Win32.ActiveCfg = Debug|Win32
		{1F2D0991-071E-4F0F-B410-24B985735C58}.Debug|Win32.Build.0 = Debug|Win32
		{1F2D0991-071E-4F0F-B410-24B985735C58}.Release|Win32.ActiveCfg = Release|Win32
		{1F2D0991-071E-4F0F-B410-24B985735C58}.Release|Win32.Build.0 = Release|Win32
	EndGlobalSection
	GlobalSection(SolutionProperties) = preSolution
		HideSolutionNode = FALSE
	EndGlobalSection
EndGlobal
